
Microsoft Visual Studio Solution File, Format Version 12.00
# Visual Studio Version 16
VisualStudioVersion = 16.0.31702.278
MinimumVisualStudioVersion = 10.0.40219.1
Project("{FAE04EC0-301F-11D3-BF4B-00C04F79EFBC}") = "MedicalQueue_Team2", "MedicalQueue_Team2\MedicalQueue_Team2.csproj", "{2126C099-B95A-46F7-BC22-E3840DD08CBF}"
EndProject
Global
	GlobalSection(SolutionConfigurationPlatforms) = preSolution
		Debug|Any CPU = Debug|Any CPU
		Release|Any CPU = Release|Any CPU
	EndGlobalSection
	GlobalSection(ProjectConfigurationPlatforms) = postSolution
		{2126C099-B95A-46F7-BC22-E3840DD08CBF}.Debug|Any CPU.ActiveCfg = Debug|Any CPU
		{2126C099-B95A-46F7-BC22-E3840DD08CBF}.Debug|Any CPU.Build.0 = Debug|Any CPU
		{2126C099-B95A-46F7-BC22-E3840DD08CBF}.Release|Any CPU.ActiveCfg = Release|Any CPU
		{2126C099-B95A-46F7-BC22-E3840DD08CBF}.Release|Any CPU.Build.0 = Release|Any CPU
	EndGlobalSection
	GlobalSection(SolutionProperties) = preSolution
		HideSolutionNode = FALSE
	EndGlobalSection
	GlobalSection(ExtensibilityGlobals) = postSolution
		SolutionGuid = {7803A08D-8995-4FD4-B5C9-49148EB7F235}
	EndGlobalSection
EndGlobal
